{
  "name": "cigar_mobile",
  "version": "1.0.0",
  "lockfileVersion": 3,
  "requires": true,
  "packages": {
    "": {
      "name": "cigar_mobile",
      "version": "1.0.0",
      "license": "ISC",
      "dependencies": {
        "@capacitor/android": "^7.4.0",
        "@capacitor/ios": "^7.4.0"
      }
    },
    "node_modules/@capacitor/android": {
      "version": "7.4.0",
      "resolved": "https://registry.npmjs.org/@capacitor/android/-/android-7.4.0.tgz",
      "integrity": "sha512-HVCQsnUobviGt/MR5qCfXsfkSyZ5gjJVW6Jbn0CI5NHhsvUkBtazGjaMjdt5JueIz1pfKXpiuZc/njfRHwjx6Q==",
      "license": "MIT",
      "peerDependencies": {
        "@capacitor/core": "^7.4.0"
      }
    },
    "node_modules/@capacitor/core": {
      "version": "7.4.0",
      "resolved": "https://registry.npmjs.org/@capacitor/core/-/core-7.4.0.tgz",
      "integrity": "sha512-P6NnjoHyobZgTjynlZSn27d0SUj6j38inlNxFnKZr9qwU7/r6+0Sg2nWkGkIH/pMmXHsvGD8zVe6KUq1UncIjA==",
      "license": "MIT",
      "peer": true,
      "dependencies": {
        "tslib": "^2.1.0"
      }
    },
    "node_modules/@capacitor/ios": {
      "version": "7.4.0",
      "resolved": "https://registry.npmjs.org/@capacitor/ios/-/ios-7.4.0.tgz",
      "integrity": "sha512-xajNljo39eu0+Bw3eVnnMc73VRzWkp0m55S3dqJJOaT2GjqoWl1x0PrnnhYcDMp0X8aDPDBL8oz+XFpMjQiM1Q==",
      "license": "MIT",
      "peerDependencies": {
        "@capacitor/core": "^7.4.0"
      }
    },
    "node_modules/tslib": {
      "version": "2.8.1",
      "resolved": "https://registry.npmjs.org/tslib/-/tslib-2.8.1.tgz",
      "integrity": "sha512-oJFu94HQb+KVduSUQL7wnpmqnfmLsOA/nAh6b6EH0wCEoK0/mPeXU6c3wKDV83MkOuHPRHtSXKKU99IBazS/2w==",
      "license": "0BSD",
      "peer": true
    }
  }
}
